
Microsoft Visual Studio Solution File, Format Version 12.00
# Visual Studio Version 17
VisualStudioVersion = 17.0.32014.148
MinimumVisualStudioVersion = 10.0.40219.1
Project("{FAE04EC0-301F-11D3-BF4B-00C04F79EFBC}") = "userLoginBackend", "userLoginBackend\userLoginBackend.csproj", "{90469DDD-415B-4996-9D6A-EE1EFB9E8261}"
EndProject
Project("{FAE04EC0-301F-11D3-BF4B-00C04F79EFBC}") = "DAL", "DAL\DAL.csproj", "{7176F82F-3A6F-4F06-9D7B-D5FC1362B5FB}"
EndProject
Project("{FAE04EC0-301F-11D3-BF4B-00C04F79EFBC}") = "BLL", "BLL\BLL.csproj", "{984614D4-0D04-410B-9335-A285A59BA4FF}"
EndProject
Project("{FAE04EC0-301F-11D3-BF4B-00C04F79EFBC}") = "DTO", "DTO\DTO.csproj", "{B19AB42B-27AC-4D53-ACEC-A55B934046CD}"
EndProject
Global
	GlobalSection(SolutionConfigurationPlatforms) = preSolution
		Debug|Any CPU = Debug|Any CPU
		Release|Any CPU = Release|Any CPU
	EndGlobalSection
	GlobalSection(ProjectConfigurationPlatforms) = postSolution
		{90469DDD-415B-4996-9D6A-EE1EFB9E8261}.Debug|Any CPU.ActiveCfg = Debug|Any CPU
		{90469DDD-415B-4996-9D6A-EE1EFB9E8261}.Debug|Any CPU.Build.0 = Debug|Any CPU
		{90469DDD-415B-4996-9D6A-EE1EFB9E8261}.Release|Any CPU.ActiveCfg = Release|Any CPU
		{90469DDD-415B-4996-9D6A-EE1EFB9E8261}.Release|Any CPU.Build.0 = Release|Any CPU
		{7176F82F-3A6F-4F06-9D7B-D5FC1362B5FB}.Debug|Any CPU.ActiveCfg = Debug|Any CPU
		{7176F82F-3A6F-4F06-9D7B-D5FC1362B5FB}.Debug|Any CPU.Build.0 = Debug|Any CPU
		{7176F82F-3A6F-4F06-9D7B-D5FC1362B5FB}.Release|Any CPU.ActiveCfg = Release|Any CPU
		{7176F82F-3A6F-4F06-9D7B-D5FC1362B5FB}.Release|Any CPU.Build.0 = Release|Any CPU
		{984614D4-0D04-410B-9335-A285A59BA4FF}.Debug|Any CPU.ActiveCfg = Debug|Any CPU
		{984614D4-0D04-410B-9335-A285A59BA4FF}.Debug|Any CPU.Build.0 = Debug|Any CPU
		{984614D4-0D04-410B-9335-A285A59BA4FF}.Release|Any CPU.ActiveCfg = Release|Any CPU
		{984614D4-0D04-410B-9335-A285A59BA4FF}.Release|Any CPU.Build.0 = Release|Any CPU
		{B19AB42B-27AC-4D53-ACEC-A55B934046CD}.Debug|Any CPU.ActiveCfg = Debug|Any CPU
		{B19AB42B-27AC-4D53-ACEC-A55B934046CD}.Debug|Any CPU.Build.0 = Debug|Any CPU
		{B19AB42B-27AC-4D53-ACEC-A55B934046CD}.Release|Any CPU.ActiveCfg = Release|Any CPU
		{B19AB42B-27AC-4D53-ACEC-A55B934046CD}.Release|Any CPU.Build.0 = Release|Any CPU
	EndGlobalSection
	GlobalSection(SolutionProperties) = preSolution
		HideSolutionNode = FALSE
	EndGlobalSection
	GlobalSection(ExtensibilityGlobals) = postSolution
		SolutionGuid = {03F1B874-76D8-4B63-8B06-FD00BB7E23FD}
	EndGlobalSection
EndGlobal
