
Microsoft Visual Studio Solution File, Format Version 12.00
# Visual Studio Version 17
VisualStudioVersion = 17.6.33829.357
MinimumVisualStudioVersion = 10.0.40219.1
Project("{9A19103F-16F7-4668-BE54-9A1E7A4F7556}") = "userLoginBackend", "Server\userLoginBackend.csproj", "{E4091DBF-74C8-49E2-87E1-DB87EEC296A2}"
EndProject
Project("{9A19103F-16F7-4668-BE54-9A1E7A4F7556}") = "DAL", "Dal\DAL.csproj", "{ACFFDEA1-1E10-4827-9896-1A411023D012}"
EndProject
Project("{9A19103F-16F7-4668-BE54-9A1E7A4F7556}") = "BLL", "BL\BLL.csproj", "{86C3A150-6CDC-45B3-A042-12D3FF800219}"
EndProject
Project("{2150E333-8FDC-42A3-9474-1A3956D46DE8}") = "Solution Items", "Solution Items", "{C34F6F95-A53E-4AA1-97C4-F955E7500273}"
	ProjectSection(SolutionItems) = preProject
		.editorconfig = .editorconfig
	EndProjectSection
EndProject
Project("{FAE04EC0-301F-11D3-BF4B-00C04F79EFBC}") = "DTO", "DTO\DTO.csproj", "{ED12CE18-12B4-41F5-9E6E-8F2462923971}"
EndProject
Global
	GlobalSection(SolutionConfigurationPlatforms) = preSolution
		Debug|Any CPU = Debug|Any CPU
		Release|Any CPU = Release|Any CPU
	EndGlobalSection
	GlobalSection(ProjectConfigurationPlatforms) = postSolution
		{E4091DBF-74C8-49E2-87E1-DB87EEC296A2}.Debug|Any CPU.ActiveCfg = Debug|Any CPU
		{E4091DBF-74C8-49E2-87E1-DB87EEC296A2}.Debug|Any CPU.Build.0 = Debug|Any CPU
		{E4091DBF-74C8-49E2-87E1-DB87EEC296A2}.Release|Any CPU.ActiveCfg = Release|Any CPU
		{E4091DBF-74C8-49E2-87E1-DB87EEC296A2}.Release|Any CPU.Build.0 = Release|Any CPU
		{ACFFDEA1-1E10-4827-9896-1A411023D012}.Debug|Any CPU.ActiveCfg = Debug|Any CPU
		{ACFFDEA1-1E10-4827-9896-1A411023D012}.Debug|Any CPU.Build.0 = Debug|Any CPU
		{ACFFDEA1-1E10-4827-9896-1A411023D012}.Release|Any CPU.ActiveCfg = Release|Any CPU
		{ACFFDEA1-1E10-4827-9896-1A411023D012}.Release|Any CPU.Build.0 = Release|Any CPU
		{86C3A150-6CDC-45B3-A042-12D3FF800219}.Debug|Any CPU.ActiveCfg = Debug|Any CPU
		{86C3A150-6CDC-45B3-A042-12D3FF800219}.Debug|Any CPU.Build.0 = Debug|Any CPU
		{86C3A150-6CDC-45B3-A042-12D3FF800219}.Release|Any CPU.ActiveCfg = Release|Any CPU
		{86C3A150-6CDC-45B3-A042-12D3FF800219}.Release|Any CPU.Build.0 = Release|Any CPU
		{ED12CE18-12B4-41F5-9E6E-8F2462923971}.Debug|Any CPU.ActiveCfg = Debug|Any CPU
		{ED12CE18-12B4-41F5-9E6E-8F2462923971}.Debug|Any CPU.Build.0 = Debug|Any CPU
		{ED12CE18-12B4-41F5-9E6E-8F2462923971}.Release|Any CPU.ActiveCfg = Release|Any CPU
		{ED12CE18-12B4-41F5-9E6E-8F2462923971}.Release|Any CPU.Build.0 = Release|Any CPU
	EndGlobalSection
	GlobalSection(SolutionProperties) = preSolution
		HideSolutionNode = FALSE
	EndGlobalSection
	GlobalSection(ExtensibilityGlobals) = postSolution
		SolutionGuid = {AA2E0DC0-BC81-4E6A-B6B4-837BF92789E3}
	EndGlobalSection
EndGlobal
